# this file was auto generated by https://github.com/likianta/likianta-domain : /src/dev_dist/poetry_export.py
# file was updated at 2025-07-01 17:51:54
# use `pip` command to install: 
#   pip install -U -r requirements.lock --no-deps

--index-url https://pypi.tuna.tsinghua.edu.cn/simple
--extra-index-url http://47.102.108.149:2131
--trusted-host 47.102.108.149

airmise @ http://47.102.108.149:2131/airmise/airmise-0.4.0a0-py3-none-any.whl

argsense @ http://47.102.108.149:2131/argsense/argsense-1.0.1b0-py3-none-any.whl
lk-logger @ http://47.102.108.149:2131/lk-logger/lk_logger-6.0.6-py3-none-any.whl
lk-utils @ http://47.102.108.149:2131/lk-utils/lk_utils-3.3.0a15-py3-none-any.whl
markdown-it-py==3.0.0
mdurl==0.1.2
psutil==6.1.1
pygments==2.19.1
pyyaml==6.0.2
rich==13.9.4
typing-extensions==4.12.2
